
Microsoft Visual Studio Solution File, Format Version 12.00
# Visual Studio Version 17
VisualStudioVersion = 17.8.34205.153
MinimumVisualStudioVersion = 10.0.40219.1
Project("{9A19103F-16F7-4668-BE54-9A1E7A4F7556}") = "CvBlog.Web", "CvBlog.Web\CvBlog.Web.csproj", "{EB2F1E50-98E1-4EF0-BDCE-45CDF88D933C}"
EndProject
Project("{FAE04EC0-301F-11D3-BF4B-00C04F79EFBC}") = "CvBlog.Data", "CvBlog.DataAccess\CvBlog.Data.csproj", "{AFE2BA69-2B0B-4404-807D-842291F01AA2}"
EndProject
Project("{FAE04EC0-301F-11D3-BF4B-00C04F79EFBC}") = "CvBlog.Services", "CvBlog.Business\CvBlog.Services.csproj", "{C4DE1781-9536-481B-B04D-3D5CB8CE8E2F}"
EndProject
Project("{FAE04EC0-301F-11D3-BF4B-00C04F79EFBC}") = "CvBlog.Entities", "CvBlog.Entities\CvBlog.Entities.csproj", "{14291AB4-7B25-48D2-98C9-161AE4D7807E}"
EndProject
Project("{FAE04EC0-301F-11D3-BF4B-00C04F79EFBC}") = "CvBlog.Shared", "CvBlog.Shared\CvBlog.Shared.csproj", "{D7C89AF5-06B9-4F03-9881-67DE28E39D99}"
EndProject
Global
	GlobalSection(SolutionConfigurationPlatforms) = preSolution
		Debug|Any CPU = Debug|Any CPU
		Release|Any CPU = Release|Any CPU
	EndGlobalSection
	GlobalSection(ProjectConfigurationPlatforms) = postSolution
		{EB2F1E50-98E1-4EF0-BDCE-45CDF88D933C}.Debug|Any CPU.ActiveCfg = Debug|Any CPU
		{EB2F1E50-98E1-4EF0-BDCE-45CDF88D933C}.Debug|Any CPU.Build.0 = Debug|Any CPU
		{EB2F1E50-98E1-4EF0-BDCE-45CDF88D933C}.Release|Any CPU.ActiveCfg = Release|Any CPU
		{EB2F1E50-98E1-4EF0-BDCE-45CDF88D933C}.Release|Any CPU.Build.0 = Release|Any CPU
		{AFE2BA69-2B0B-4404-807D-842291F01AA2}.Debug|Any CPU.ActiveCfg = Debug|Any CPU
		{AFE2BA69-2B0B-4404-807D-842291F01AA2}.Debug|Any CPU.Build.0 = Debug|Any CPU
		{AFE2BA69-2B0B-4404-807D-842291F01AA2}.Release|Any CPU.ActiveCfg = Release|Any CPU
		{AFE2BA69-2B0B-4404-807D-842291F01AA2}.Release|Any CPU.Build.0 = Release|Any CPU
		{C4DE1781-9536-481B-B04D-3D5CB8CE8E2F}.Debug|Any CPU.ActiveCfg = Debug|Any CPU
		{C4DE1781-9536-481B-B04D-3D5CB8CE8E2F}.Debug|Any CPU.Build.0 = Debug|Any CPU
		{C4DE1781-9536-481B-B04D-3D5CB8CE8E2F}.Release|Any CPU.ActiveCfg = Release|Any CPU
		{C4DE1781-9536-481B-B04D-3D5CB8CE8E2F}.Release|Any CPU.Build.0 = Release|Any CPU
		{14291AB4-7B25-48D2-98C9-161AE4D7807E}.Debug|Any CPU.ActiveCfg = Debug|Any CPU
		{14291AB4-7B25-48D2-98C9-161AE4D7807E}.Debug|Any CPU.Build.0 = Debug|Any CPU
		{14291AB4-7B25-48D2-98C9-161AE4D7807E}.Release|Any CPU.ActiveCfg = Release|Any CPU
		{14291AB4-7B25-48D2-98C9-161AE4D7807E}.Release|Any CPU.Build.0 = Release|Any CPU
		{D7C89AF5-06B9-4F03-9881-67DE28E39D99}.Debug|Any CPU.ActiveCfg = Debug|Any CPU
		{D7C89AF5-06B9-4F03-9881-67DE28E39D99}.Debug|Any CPU.Build.0 = Debug|Any CPU
		{D7C89AF5-06B9-4F03-9881-67DE28E39D99}.Release|Any CPU.ActiveCfg = Release|Any CPU
		{D7C89AF5-06B9-4F03-9881-67DE28E39D99}.Release|Any CPU.Build.0 = Release|Any CPU
	EndGlobalSection
	GlobalSection(SolutionProperties) = preSolution
		HideSolutionNode = FALSE
	EndGlobalSection
	GlobalSection(ExtensibilityGlobals) = postSolution
		SolutionGuid = {DAD9138F-7030-433F-BA27-E3381985FE23}
	EndGlobalSection
EndGlobal
